// !$*UTF8*$!
{
	archiveVersion = 1;
	classes = {
	};
	objectVersion = 55;
	objects = {

/* Begin PBXBuildFile section */
		8B38A33627F46C75000E1292 /* AppDelegate.swift in Sources */ = {isa = PBXBuildFile; fileRef = 8B38A33527F46C75000E1292 /* AppDelegate.swift */; };
		8B38A33827F46C75000E1292 /* SceneDelegate.swift in Sources */ = {isa = PBXBuildFile; fileRef = 8B38A33727F46C75000E1292 /* SceneDelegate.swift */; };
		8B38A33A27F46C75000E1292 /* ViewController.swift in Sources */ = {isa = PBXBuildFile; fileRef = 8B38A33927F46C75000E1292 /* ViewController.swift */; };
		8B38A33D27F46C75000E1292 /* Main.storyboard in Resources */ = {isa = PBXBuildFile; fileRef = 8B38A33B27F46C75000E1292 /* Main.storyboard */; };
		8B38A33F27F46C78000E1292 /* Assets.xcassets in Resources */ = {isa = PBXBuildFile; fileRef = 8B38A33E27F46C78000E1292 /* Assets.xcassets */; };
		8B38A34227F46C78000E1292 /* LaunchScreen.storyboard in Resources */ = {isa = PBXBuildFile; fileRef = 8B38A34027F46C78000E1292 /* LaunchScreen.storyboard */; };
		8B38A34D27F46C78000E1292 /* MyURLSessionDemoTests.swift in Sources */ = {isa = PBXBuildFile; fileRef = 8B38A34C27F46C78000E1292 /* MyURLSessionDemoTests.swift */; };
		8B38A35727F46C78000E1292 /* MyURLSessionDemoUITests.swift in Sources */ = {isa = PBXBuildFile; fileRef = 8B38A35627F46C78000E1292 /* MyURLSessionDemoUITests.swift */; };
		8B38A35927F46C78000E1292 /* MyURLSessionDemoUITestsLaunchTests.swift in Sources */ = {isa = PBXBuildFile; fileRef = 8B38A35827F46C78000E1292 /* MyURLSessionDemoUITestsLaunchTests.swift */; };
		8B38A36627F46EBA000E1292 /* ToDoModel.swift in Sources */ = {isa = PBXBuildFile; fileRef = 8B38A36527F46EBA000E1292 /* ToDoModel.swift */; };
/* End PBXBuildFile section */

/* Begin PBXContainerItemProxy section */
		8B38A34927F46C78000E1292 /* PBXContainerItemProxy */ = {
			isa = PBXContainerItemProxy;
			containerPortal = 8B38A32A27F46C75000E1292 /* Project object */;
			proxyType = 1;
			remoteGlobalIDString = 8B38A33127F46C75000E1292;
			remoteInfo = MyURLSessionDemo;
		};
		8B38A35327F46C78000E1292 /* PBXContainerItemProxy */ = {
			isa = PBXContainerItemProxy;
			containerPortal = 8B38A32A27F46C75000E1292 /* Project object */;
			proxyType = 1;
			remoteGlobalIDString = 8B38A33127F46C75000E1292;
			remoteInfo = MyURLSessionDemo;
		};
/* End PBXContainerItemProxy section */

/* Begin PBXFileReference section */
		8B38A33227F46C75000E1292 /* MyURLSessionDemo.app */ = {isa = PBXFileReference; explicitFileType = wrapper.application; includeInIndex = 0; path = MyURLSessionDemo.app; sourceTree = BUILT_PRODUCTS_DIR; };
		8B38A33527F46C75000E1292 /* AppDelegate.swift */ = {isa = PBXFileReference; lastKnownFileType = sourcecode.swift; path = AppDelegate.swift; sourceTree = "<group>"; };
		8B38A33727F46C75000E1292 /* SceneDelegate.swift */ = {isa = PBXFileReference; lastKnownFileType = sourcecode.swift; path = SceneDelegate.swift; sourceTree = "<group>"; };
		8B38A33927F46C75000E1292 /* ViewController.swift */ = {isa = PBXFileReference; lastKnownFileType = sourcecode.swift; path = ViewController.swift; sourceTree = "<group>"; };
		8B38A33C27F46C75000E1292 /* Base */ = {isa = PBXFileReference; lastKnownFileType = file.storyboard; name = Base; path = Base.lproj/Main.storyboard; sourceTree = "<group>"; };
		8B38A33E27F46C78000E1292 /* Assets.xcassets */ = {isa = PBXFileReference; lastKnownFileType = folder.assetcatalog; path = Assets.xcassets; sourceTree = "<group>"; };
		8B38A34127F46C78000E1292 /* Base */ = {isa = PBXFileReference; lastKnownFileType = file.storyboard; name = Base; path = Base.lproj/LaunchScreen.storyboard; sourceTree = "<group>"; };
		8B38A34327F46C78000E1292 /* Info.plist */ = {isa = PBXFileReference; lastKnownFileType = text.plist.xml; path = Info.plist; sourceTree = "<group>"; };
		8B38A34827F46C78000E1292 /* MyURLSessionDemoTests.xctest */ = {isa = PBXFileReference; explicitFileType = wrapper.cfbundle; includeInIndex = 0; path = MyURLSessionDemoTests.xctest; sourceTree = BUILT_PRODUCTS_DIR; };
		8B38A34C27F46C78000E1292 /* MyURLSessionDemoTests.swift */ = {isa = PBXFileReference; lastKnownFileType = sourcecode.swift; path = MyURLSessionDemoTests.swift; sourceTree = "<group>"; };
		8B38A35227F46C78000E1292 /* MyURLSessionDemoUITests.xctest */ = {isa = PBXFileReference; explicitFileType = wrapper.cfbundle; includeInIndex = 0; path = MyURLSessionDemoUITests.xctest; sourceTree = BUILT_PRODUCTS_DIR; };
		8B38A35627F46C78000E1292 /* MyURLSessionDemoUITests.swift */ = {isa = PBXFileReference; lastKnownFileType = sourcecode.swift; path = MyURLSessionDemoUITests.swift; sourceTree = "<group>"; };
		8B38A35827F46C78000E1292 /* MyURLSessionDemoUITestsLaunchTests.swift */ = {isa = PBXFileReference; lastKnownFileType = sourcecode.swift; path = MyURLSessionDemoUITestsLaunchTests.swift; sourceTree = "<group>"; };
		8B38A36527F46EBA000E1292 /* ToDoModel.swift */ = {isa = PBXFileReference; lastKnownFileType = sourcecode.swift; path = ToDoModel.swift; sourceTree = "<group>"; };
/* End PBXFileReference section */

/* Begin PBXFrameworksBuildPhase section */
		8B38A32F27F46C75000E1292 /* Frameworks */ = {
			isa = PBXFrameworksBuildPhase;
			buildActionMask = 2147483647;
			files = (
			);
			runOnlyForDeploymentPostprocessing = 0;
		};
		8B38A34527F46C78000E1292 /* Frameworks */ = {
			isa = PBXFrameworksBuildPhase;
			buildActionMask = 2147483647;
			files = (
			);
			runOnlyForDeploymentPostprocessing = 0;
		};
		8B38A34F27F46C78000E1292 /* Frameworks */ = {
			isa = PBXFrameworksBuildPhase;
			buildActionMask = 2147483647;
			files = (
			);
			runOnlyForDeploymentPostprocessing = 0;
		};
/* End PBXFrameworksBuildPhase section */

/* Begin PBXGroup section */
		8B1CBE4A281FDC4200A655AD /* Controller */ = {
			isa = PBXGroup;
			children = (
				8B38A33927F46C75000E1292 /* ViewController.swift */,
			);
			path = Controller;
			sourceTree = "<group>";
		};
		8B1CBE4B281FDC7800A655AD /* View */ = {
			isa = PBXGroup;
			children = (
				8B38A33B27F46C75000E1292 /* Main.storyboard */,
				8B38A34027F46C78000E1292 /* LaunchScreen.storyboard */,
			);
			path = View;
			sourceTree = "<group>";
		};
		8B1CBE4C281FDC9A00A655AD /* Model */ = {
			isa = PBXGroup;
			children = (
				8B38A36527F46EBA000E1292 /* ToDoModel.swift */,
			);
			path = Model;
			sourceTree = "<group>";
		};
		8B38A32927F46C75000E1292 = {
			isa = PBXGroup;
			children = (
				8B38A33427F46C75000E1292 /* MyURLSessionDemo */,
				8B38A34B27F46C78000E1292 /* MyURLSessionDemoTests */,
				8B38A35527F46C78000E1292 /* MyURLSessionDemoUITests */,
				8B38A33327F46C75000E1292 /* Products */,
			);
			sourceTree = "<group>";
		};
		8B38A33327F46C75000E1292 /* Products */ = {
			isa = PBXGroup;
			children = (
				8B38A33227F46C75000E1292 /* MyURLSessionDemo.app */,
				8B38A34827F46C78000E1292 /* MyURLSessionDemoTests.xctest */,
				8B38A35227F46C78000E1292 /* MyURLSessionDemoUITests.xctest */,
			);
			name = Products;
			sourceTree = "<group>";
		};
		8B38A33427F46C75000E1292 /* MyURLSessionDemo */ = {
			isa = PBXGroup;
			children = (
				8B1CBE4C281FDC9A00A655AD /* Model */,
				8B1CBE4B281FDC7800A655AD /* View */,
				8B1CBE4A281FDC4200A655AD /* Controller */,
				8B38A33527F46C75000E1292 /* AppDelegate.swift */,
				8B38A33727F46C75000E1292 /* SceneDelegate.swift */,
				8B38A33E27F46C78000E1292 /* Assets.xcassets */,
				8B38A34327F46C78000E1292 /* Info.plist */,
			);
			path = MyURLSessionDemo;
			sourceTree = "<group>";
		};
		8B38A34B27F46C78000E1292 /* MyURLSessionDemoTests */ = {
			isa = PBXGroup;
			children = (
				8B38A34C27F46C78000E1292 /* MyURLSessionDemoTests.swift */,
			);
			path = MyURLSessionDemoTests;
			sourceTree = "<group>";
		};
		8B38A35527F46C78000E1292 /* MyURLSessionDemoUITests */ = {
			isa = PBXGroup;
			children = (
				8B38A35627F46C78000E1292 /* MyURLSessionDemoUITests.swift */,
				8B38A35827F46C78000E1292 /* MyURLSessionDemoUITestsLaunchTests.swift */,
			);
			path = MyURLSessionDemoUITests;
			sourceTree = "<group>";
		};
/* End PBXGroup section */

/* Begin PBXNativeTarget section */
		8B38A33127F46C75000E1292 /* MyURLSessionDemo */ = {
			isa = PBXNativeTarget;
			buildConfigurationList = 8B38A35C27F46C78000E1292 /* Build configuration list for PBXNativeTarget "MyURLSessionDemo" */;
			buildPhases = (
				8B38A32E27F46C75000E1292 /* Sources */,
				8B38A32F27F46C75000E1292 /* Frameworks */,
				8B38A33027F46C75000E1292 /* Resources */,
			);
			buildRules = (
			);
			dependencies = (
			);
			name = MyURLSessionDemo;
			productName = MyURLSessionDemo;
			productReference = 8B38A33227F46C75000E1292 /* MyURLSessionDemo.app */;
			productType = "com.apple.product-type.application";
		};
		8B38A34727F46C78000E1292 /* MyURLSessionDemoTests */ = {
			isa = PBXNativeTarget;
			buildConfigurationList = 8B38A35F27F46C78000E1292 /* Build configuration list for PBXNativeTarget "MyURLSessionDemoTests" */;
			buildPhases = (
				8B38A34427F46C78000E1292 /* Sources */,
				8B38A34527F46C78000E1292 /* Frameworks */,
				8B38A34627F46C78000E1292 /* Resources */,
			);
			buildRules = (
			);
			dependencies = (
				8B38A34A27F46C78000E1292 /* PBXTargetDependency */,
			);
			name = MyURLSessionDemoTests;
			productName = MyURLSessionDemoTests;
			productReference = 8B38A34827F46C78000E1292 /* MyURLSessionDemoTests.xctest */;
			productType = "com.apple.product-type.bundle.unit-test";
		};
		8B38A35127F46C78000E1292 /* MyURLSessionDemoUITests */ = {
			isa = PBXNativeTarget;
			buildConfigurationList = 8B38A36227F46C78000E1292 /* Build configuration list for PBXNativeTarget "MyURLSessionDemoUITests" */;
			buildPhases = (
				8B38A34E27F46C78000E1292 /* Sources */,
				8B38A34F27F46C78000E1292 /* Frameworks */,
				8B38A35027F46C78000E1292 /* Resources */,
			);
			buildRules = (
			);
			dependencies = (
				8B38A35427F46C78000E1292 /* PBXTargetDependency */,
			);
			name = MyURLSessionDemoUITests;
			productName = MyURLSessionDemoUITests;
			productReference = 8B38A35227F46C78000E1292 /* MyURLSessionDemoUITests.xctest */;
			productType = "com.apple.product-type.bundle.ui-testing";
		};
/* End PBXNativeTarget section */

/* Begin PBXProject section */
		8B38A32A27F46C75000E1292 /* Project object */ = {
			isa = PBXProject;
			attributes = {
				BuildIndependentTargetsInParallel = 1;
				LastSwiftUpdateCheck = 1310;
				LastUpgradeCheck = 1310;
				TargetAttributes = {
					8B38A33127F46C75000E1292 = {
						CreatedOnToolsVersion = 13.1;
					};
					8B38A34727F46C78000E1292 = {
						CreatedOnToolsVersion = 13.1;
						TestTargetID = 8B38A33127F46C75000E1292;
					};
					8B38A35127F46C78000E1292 = {
						CreatedOnToolsVersion = 13.1;
						TestTargetID = 8B38A33127F46C75000E1292;
					};
				};
			};
			buildConfigurationList = 8B38A32D27F46C75000E1292 /* Build configuration list for PBXProject "MyURLSessionDemo" */;
			compatibilityVersion = "Xcode 13.0";
			developmentRegion = en;
			hasScannedForEncodings = 0;
			knownRegions = (
				en,
				Base,
			);
			mainGroup = 8B38A32927F46C75000E1292;
			productRefGroup = 8B38A33327F46C75000E1292 /* Products */;
			projectDirPath = "";
			projectRoot = "";
			targets = (
				8B38A33127F46C75000E1292 /* MyURLSessionDemo */,
				8B38A34727F46C78000E1292 /* MyURLSessionDemoTests */,
				8B38A35127F46C78000E1292 /* MyURLSessionDemoUITests */,
			);
		};
/* End PBXProject section */

/* Begin PBXResourcesBuildPhase section */
		8B38A33027F46C75000E1292 /* Resources */ = {
			isa = PBXResourcesBuildPhase;
			buildActionMask = 2147483647;
			files = (
				8B38A34227F46C78000E1292 /* LaunchScreen.storyboard in Resources */,
				8B38A33F27F46C78000E1292 /* Assets.xcassets in Resources */,
				8B38A33D27F46C75000E1292 /* Main.storyboard in Resources */,
			);
			runOnlyForDeploymentPostprocessing = 0;
		};
		8B38A34627F46C78000E1292 /* Resources */ = {
			isa = PBXResourcesBuildPhase;
			buildActionMask = 2147483647;
			files = (
			);
			runOnlyForDeploymentPostprocessing = 0;
		};
		8B38A35027F46C78000E1292 /* Resources */ = {
			isa = PBXResourcesBuildPhase;
			buildActionMask = 2147483647;
			files = (
			);
			runOnlyForDeploymentPostprocessing = 0;
		};
/* End PBXResourcesBuildPhase section */

/* Begin PBXSourcesBuildPhase section */
		8B38A32E27F46C75000E1292 /* Sources */ = {
			isa = PBXSourcesBuildPhase;
			buildActionMask = 2147483647;
			files = (
				8B38A33A27F46C75000E1292 /* ViewController.swift in Sources */,
				8B38A36627F46EBA000E1292 /* ToDoModel.swift in Sources */,
				8B38A33627F46C75000E1292 /* AppDelegate.swift in Sources */,
				8B38A33827F46C75000E1292 /* SceneDelegate.swift in Sources */,
			);
			runOnlyForDeploymentPostprocessing = 0;
		};
		8B38A34427F46C78000E1292 /* Sources */ = {
			isa = PBXSourcesBuildPhase;
			buildActionMask = 2147483647;
			files = (
				8B38A34D27F46C78000E1292 /* MyURLSessionDemoTests.swift in Sources */,
			);
			runOnlyForDeploymentPostprocessing = 0;
		};
		8B38A34E27F46C78000E1292 /* Sources */ = {
			isa = PBXSourcesBuildPhase;
			buildActionMask = 2147483647;
			files = (
				8B38A35927F46C78000E1292 /* MyURLSessionDemoUITestsLaunchTests.swift in Sources */,
				8B38A35727F46C78000E1292 /* MyURLSessionDemoUITests.swift in Sources */,
			);
			runOnlyForDeploymentPostprocessing = 0;
		};
/* End PBXSourcesBuildPhase section */

/* Begin PBXTargetDependency section */
		8B38A34A27F46C78000E1292 /* PBXTargetDependency */ = {
			isa = PBXTargetDependency;
			target = 8B38A33127F46C75000E1292 /* MyURLSessionDemo */;
			targetProxy = 8B38A34927F46C78000E1292 /* PBXContainerItemProxy */;
		};
		8B38A35427F46C78000E1292 /* PBXTargetDependency */ = {
			isa = PBXTargetDependency;
			target = 8B38A33127F46C75000E1292 /* MyURLSessionDemo */;
			targetProxy = 8B38A35327F46C78000E1292 /* PBXContainerItemProxy */;
		};
/* End PBXTargetDependency section */

/* Begin PBXVariantGroup section */
		8B38A33B27F46C75000E1292 /* Main.storyboard */ = {
			isa = PBXVariantGroup;
			children = (
				8B38A33C27F46C75000E1292 /* Base */,
			);
			name = Main.storyboard;
			sourceTree = "<group>";
		};
		8B38A34027F46C78000E1292 /* LaunchScreen.storyboard */ = {
			isa = PBXVariantGroup;
			children = (
				8B38A34127F46C78000E1292 /* Base */,
			);
			name = LaunchScreen.storyboard;
			sourceTree = "<group>";
		};
/* End PBXVariantGroup section */

/* Begin XCBuildConfiguration section */
		8B38A35A27F46C78000E1292 /* Debug */ = {
			isa = XCBuildConfiguration;
			buildSettings = {
				ALWAYS_SEARCH_USER_PATHS = NO;
				CLANG_ANALYZER_NONNULL = YES;
				CLANG_ANALYZER_NUMBER_OBJECT_CONVERSION = YES_AGGRESSIVE;
				CLANG_CXX_LANGUAGE_STANDARD = "gnu++17";
				CLANG_CXX_LIBRARY = "libc++";
				CLANG_ENABLE_MODULES = YES;
				CLANG_ENABLE_OBJC_ARC = YES;
				CLANG_ENABLE_OBJC_WEAK = YES;
				CLANG_WARN_BLOCK_CAPTURE_AUTORELEASING = YES;
				CLANG_WARN_BOOL_CONVERSION = YES;
				CLANG_WARN_COMMA = YES;
				CLANG_WARN_CONSTANT_CONVERSION = YES;
				CLANG_WARN_DEPRECATED_OBJC_IMPLEMENTATIONS = YES;
				CLANG_WARN_DIRECT_OBJC_ISA_USAGE = YES_ERROR;
				CLANG_WARN_DOCUMENTATION_COMMENTS = YES;
				CLANG_WARN_EMPTY_BODY = YES;
				CLANG_WARN_ENUM_CONVERSION = YES;
				CLANG_WARN_INFINITE_RECURSION = YES;
				CLANG_WARN_INT_CONVERSION = YES;
				CLANG_WARN_NON_LITERAL_NULL_CONVERSION = YES;
				CLANG_WARN_OBJC_IMPLICIT_RETAIN_SELF = YES;
				CLANG_WARN_OBJC_LITERAL_CONVERSION = YES;
				CLANG_WARN_OBJC_ROOT_CLASS = YES_ERROR;
				CLANG_WARN_QUOTED_INCLUDE_IN_FRAMEWORK_HEADER = YES;
				CLANG_WARN_RANGE_LOOP_ANALYSIS = YES;
				CLANG_WARN_STRICT_PROTOTYPES = YES;
				CLANG_WARN_SUSPICIOUS_MOVE = YES;
				CLANG_WARN_UNGUARDED_AVAILABILITY = YES_AGGRESSIVE;
				CLANG_WARN_UNREACHABLE_CODE = YES;
				CLANG_WARN__DUPLICATE_METHOD_MATCH = YES;
				COPY_PHASE_STRIP = NO;
				DEBUG_INFORMATION_FORMAT = dwarf;
				ENABLE_STRICT_OBJC_MSGSEND = YES;
				ENABLE_TESTABILITY = YES;
				GCC_C_LANGUAGE_STANDARD = gnu11;
				GCC_DYNAMIC_NO_PIC = NO;
				GCC_NO_COMMON_BLOCKS = YES;
				GCC_OPTIMIZATION_LEVEL = 0;
				GCC_PREPROCESSOR_DEFINITIONS = (
					"DEBUG=1",
					"$(inherited)",
				);
				GCC_WARN_64_TO_32_BIT_CONVERSION = YES;
				GCC_WARN_ABOUT_RETURN_TYPE = YES_ERROR;
				GCC_WARN_UNDECLARED_SELECTOR = YES;
				GCC_WARN_UNINITIALIZED_AUTOS = YES_AGGRESSIVE;
				GCC_WARN_UNUSED_FUNCTION = YES;
				GCC_WARN_UNUSED_VARIABLE = YES;
				IPHONEOS_DEPLOYMENT_TARGET = 15.0;
				MTL_ENABLE_DEBUG_INFO = INCLUDE_SOURCE;
				MTL_FAST_MATH = YES;
				ONLY_ACTIVE_ARCH = YES;
				SDKROOT = iphoneos;
				SWIFT_ACTIVE_COMPILATION_CONDITIONS = DEBUG;
				SWIFT_OPTIMIZATION_LEVEL = "-Onone";
			};
			name = Debug;
		};
		8B38A35B27F46C78000E1292 /* Release */ = {
			isa = XCBuildConfiguration;
			buildSettings = {
				ALWAYS_SEARCH_USER_PATHS = NO;
				CLANG_ANALYZER_NONNULL = YES;
				CLANG_ANALYZER_NUMBER_OBJECT_CONVERSION = YES_AGGRESSIVE;
				CLANG_CXX_LANGUAGE_STANDARD = "gnu++17";
				CLANG_CXX_LIBRARY = "libc++";
				CLANG_ENABLE_MODULES = YES;
				CLANG_ENABLE_OBJC_ARC = YES;
				CLANG_ENABLE_OBJC_WEAK = YES;
				CLANG_WARN_BLOCK_CAPTURE_AUTORELEASING = YES;
				CLANG_WARN_BOOL_CONVERSION = YES;
				CLANG_WARN_COMMA = YES;
				CLANG_WARN_CONSTANT_CONVERSION = YES;
				CLANG_WARN_DEPRECATED_OBJC_IMPLEMENTATIONS = YES;
				CLANG_WARN_DIRECT_OBJC_ISA_USAGE = YES_ERROR;
				CLANG_WARN_DOCUMENTATION_COMMENTS = YES;
				CLANG_WARN_EMPTY_BODY = YES;
				CLANG_WARN_ENUM_CONVERSION = YES;
				CLANG_WARN_INFINITE_RECURSION = YES;
				CLANG_WARN_INT_CONVERSION = YES;
				CLANG_WARN_NON_LITERAL_NULL_CONVERSION = YES;
				CLANG_WARN_OBJC_IMPLICIT_RETAIN_SELF = YES;
				CLANG_WARN_OBJC_LITERAL_CONVERSION = YES;
				CLANG_WARN_OBJC_ROOT_CLASS = YES_ERROR;
				CLANG_WARN_QUOTED_INCLUDE_IN_FRAMEWORK_HEADER = YES;
				CLANG_WARN_RANGE_LOOP_ANALYSIS = YES;
				CLANG_WARN_STRICT_PROTOTYPES = YES;
				CLANG_WARN_SUSPICIOUS_MOVE = YES;
				CLANG_WARN_UNGUARDED_AVAILABILITY = YES_AGGRESSIVE;
				CLANG_WARN_UNREACHABLE_CODE = YES;
				CLANG_WARN__DUPLICATE_METHOD_MATCH = YES;
				COPY_PHASE_STRIP = NO;
				DEBUG_INFORMATION_FORMAT = "dwarf-with-dsym";
				ENABLE_NS_ASSERTIONS = NO;
				ENABLE_STRICT_OBJC_MSGSEND = YES;
				GCC_C_LANGUAGE_STANDARD = gnu11;
				GCC_NO_COMMON_BLOCKS = YES;
				GCC_WARN_64_TO_32_BIT_CONVERSION = YES;
				GCC_WARN_ABOUT_RETURN_TYPE = YES_ERROR;
				GCC_WARN_UNDECLARED_SELECTOR = YES;
				GCC_WARN_UNINITIALIZED_AUTOS = YES_AGGRESSIVE;
				GCC_WARN_UNUSED_FUNCTION = YES;
				GCC_WARN_UNUSED_VARIABLE = YES;
				IPHONEOS_DEPLOYMENT_TARGET = 15.0;
				MTL_ENABLE_DEBUG_INFO = NO;
				MTL_FAST_MATH = YES;
				SDKROOT = iphoneos;
				SWIFT_COMPILATION_MODE = wholemodule;
				SWIFT_OPTIMIZATION_LEVEL = "-O";
				VALIDATE_PRODUCT = YES;
			};
			name = Release;
		};
		8B38A35D27F46C78000E1292 /* Debug */ = {
			isa = XCBuildConfiguration;
			buildSettings = {
				ASSETCATALOG_COMPILER_APPICON_NAME = AppIcon;
				ASSETCATALOG_COMPILER_GLOBAL_ACCENT_COLOR_NAME = AccentColor;
				CODE_SIGN_STYLE = Automatic;
				CURRENT_PROJECT_VERSION = 1;
				GENERATE_INFOPLIST_FILE = YES;
				INFOPLIST_FILE = MyURLSessionDemo/Info.plist;
				INFOPLIST_KEY_UIApplicationSupportsIndirectInputEvents = YES;
				INFOPLIST_KEY_UILaunchStoryboardName = LaunchScreen;
				INFOPLIST_KEY_UIMainStoryboardFile = Main;
				INFOPLIST_KEY_UISupportedInterfaceOrientations_iPad = "UIInterfaceOrientationPortrait UIInterfaceOrientationPortraitUpsideDown UIInterfaceOrientationLandscapeLeft UIInterfaceOrientationLandscapeRight";
				INFOPLIST_KEY_UISupportedInterfaceOrientations_iPhone = "UIInterfaceOrientationPortrait UIInterfaceOrientationLandscapeLeft UIInterfaceOrientationLandscapeRight";
				LD_RUNPATH_SEARCH_PATHS = (
					"$(inherited)",
					"@executable_path/Frameworks",
				);
				MARKETING_VERSION = 1.0;
				PRODUCT_BUNDLE_IDENTIFIER = com.shivani.MyURLSessionDemo;
				PRODUCT_NAME = "$(TARGET_NAME)";
				SWIFT_EMIT_LOC_STRINGS = YES;
				SWIFT_VERSION = 5.0;
				TARGETED_DEVICE_FAMILY = 1;
			};
			name = Debug;
		};
		8B38A35E27F46C78000E1292 /* Release */ = {
			isa = XCBuildConfiguration;
			buildSettings = {
				ASSETCATALOG_COMPILER_APPICON_NAME = AppIcon;
				ASSETCATALOG_COMPILER_GLOBAL_ACCENT_COLOR_NAME = AccentColor;
				CODE_SIGN_STYLE = Automatic;
				CURRENT_PROJECT_VERSION = 1;
				GENERATE_INFOPLIST_FILE = YES;
				INFOPLIST_FILE = MyURLSessionDemo/Info.plist;
				INFOPLIST_KEY_UIApplicationSupportsIndirectInputEvents = YES;
				INFOPLIST_KEY_UILaunchStoryboardName = LaunchScreen;
				INFOPLIST_KEY_UIMainStoryboardFile = Main;
				INFOPLIST_KEY_UISupportedInterfaceOrientations_iPad = "UIInterfaceOrientationPortrait UIInterfaceOrientationPortraitUpsideDown UIInterfaceOrientationLandscapeLeft UIInterfaceOrientationLandscapeRight";
				INFOPLIST_KEY_UISupportedInterfaceOrientations_iPhone = "UIInterfaceOrientationPortrait UIInterfaceOrientationLandscapeLeft UIInterfaceOrientationLandscapeRight";
				LD_RUNPATH_SEARCH_PATHS = (
					"$(inherited)",
					"@executable_path/Frameworks",
				);
				MARKETING_VERSION = 1.0;
				PRODUCT_BUNDLE_IDENTIFIER = com.shivani.MyURLSessionDemo;
				PRODUCT_NAME = "$(TARGET_NAME)";
				SWIFT_EMIT_LOC_STRINGS = YES;
				SWIFT_VERSION = 5.0;
				TARGETED_DEVICE_FAMILY = 1;
			};
			name = Release;
		};
		8B38A36027F46C78000E1292 /* Debug */ = {
			isa = XCBuildConfiguration;
			buildSettings = {
				ALWAYS_EMBED_SWIFT_STANDARD_LIBRARIES = YES;
				BUNDLE_LOADER = "$(TEST_HOST)";
				CODE_SIGN_STYLE = Automatic;
				CURRENT_PROJECT_VERSION = 1;
				GENERATE_INFOPLIST_FILE = YES;
				IPHONEOS_DEPLOYMENT_TARGET = 15.0;
				LD_RUNPATH_SEARCH_PATHS = (
					"$(inherited)",
					"@executable_path/Frameworks",
					"@loader_path/Frameworks",
				);
				MARKETING_VERSION = 1.0;
				PRODUCT_BUNDLE_IDENTIFIER = com.shivani.MyURLSessionDemoTests;
				PRODUCT_NAME = "$(TARGET_NAME)";
				SWIFT_EMIT_LOC_STRINGS = NO;
				SWIFT_VERSION = 5.0;
				TARGETED_DEVICE_FAMILY = "1,2";
				TEST_HOST = "$(BUILT_PRODUCTS_DIR)/MyURLSessionDemo.app/MyURLSessionDemo";
			};
			name = Debug;
		};
		8B38A36127F46C78000E1292 /* Release */ = {
			isa = XCBuildConfiguration;
			buildSettings = {
				ALWAYS_EMBED_SWIFT_STANDARD_LIBRARIES = YES;
				BUNDLE_LOADER = "$(TEST_HOST)";
				CODE_SIGN_STYLE = Automatic;
				CURRENT_PROJECT_VERSION = 1;
				GENERATE_INFOPLIST_FILE = YES;
				IPHONEOS_DEPLOYMENT_TARGET = 15.0;
				LD_RUNPATH_SEARCH_PATHS = (
					"$(inherited)",
					"@executable_path/Frameworks",
					"@loader_path/Frameworks",
				);
				MARKETING_VERSION = 1.0;
				PRODUCT_BUNDLE_IDENTIFIER = com.shivani.MyURLSessionDemoTests;
				PRODUCT_NAME = "$(TARGET_NAME)";
				SWIFT_EMIT_LOC_STRINGS = NO;
				SWIFT_VERSION = 5.0;
				TARGETED_DEVICE_FAMILY = "1,2";
				TEST_HOST = "$(BUILT_PRODUCTS_DIR)/MyURLSessionDemo.app/MyURLSessionDemo";
			};
			name = Release;
		};
		8B38A36327F46C78000E1292 /* Debug */ = {
			isa = XCBuildConfiguration;
			buildSettings = {
				ALWAYS_EMBED_SWIFT_STANDARD_LIBRARIES = YES;
				CODE_SIGN_STYLE = Automatic;
				CURRENT_PROJECT_VERSION = 1;
				GENERATE_INFOPLIST_FILE = YES;
				LD_RUNPATH_SEARCH_PATHS = (
					"$(inherited)",
					"@executable_path/Frameworks",
					"@loader_path/Frameworks",
				);
				MARKETING_VERSION = 1.0;
				PRODUCT_BUNDLE_IDENTIFIER = com.shivani.MyURLSessionDemoUITests;
				PRODUCT_NAME = "$(TARGET_NAME)";
				SWIFT_EMIT_LOC_STRINGS = NO;
				SWIFT_VERSION = 5.0;
				TARGETED_DEVICE_FAMILY = "1,2";
				TEST_TARGET_NAME = MyURLSessionDemo;
			};
			name = Debug;
		};
		8B38A36427F46C78000E1292 /* Release */ = {
			isa = XCBuildConfiguration;
			buildSettings = {
				ALWAYS_EMBED_SWIFT_STANDARD_LIBRARIES = YES;
				CODE_SIGN_STYLE = Automatic;
				CURRENT_PROJECT_VERSION = 1;
				GENERATE_INFOPLIST_FILE = YES;
				LD_RUNPATH_SEARCH_PATHS = (
					"$(inherited)",
					"@executable_path/Frameworks",
					"@loader_path/Frameworks",
				);
				MARKETING_VERSION = 1.0;
				PRODUCT_BUNDLE_IDENTIFIER = com.shivani.MyURLSessionDemoUITests;
				PRODUCT_NAME = "$(TARGET_NAME)";
				SWIFT_EMIT_LOC_STRINGS = NO;
				SWIFT_VERSION = 5.0;
				TARGETED_DEVICE_FAMILY = "1,2";
				TEST_TARGET_NAME = MyURLSessionDemo;
			};
			name = Release;
		};
/* End XCBuildConfiguration section */

/* Begin XCConfigurationList section */
		8B38A32D27F46C75000E1292 /* Build configuration list for PBXProject "MyURLSessionDemo" */ = {
			isa = XCConfigurationList;
			buildConfigurations = (
				8B38A35A27F46C78000E1292 /* Debug */,
				8B38A35B27F46C78000E1292 /* Release */,
			);
			defaultConfigurationIsVisible = 0;
			defaultConfigurationName = Release;
		};
		8B38A35C27F46C78000E1292 /* Build configuration list for PBXNativeTarget "MyURLSessionDemo" */ = {
			isa = XCConfigurationList;
			buildConfigurations = (
				8B38A35D27F46C78000E1292 /* Debug */,
				8B38A35E27F46C78000E1292 /* Release */,
			);
			defaultConfigurationIsVisible = 0;
			defaultConfigurationName = Release;
		};
		8B38A35F27F46C78000E1292 /* Build configuration list for PBXNativeTarget "MyURLSessionDemoTests" */ = {
			isa = XCConfigurationList;
			buildConfigurations = (
				8B38A36027F46C78000E1292 /* Debug */,
				8B38A36127F46C78000E1292 /* Release */,
			);
			defaultConfigurationIsVisible = 0;
			defaultConfigurationName = Release;
		};
		8B38A36227F46C78000E1292 /* Build configuration list for PBXNativeTarget "MyURLSessionDemoUITests" */ = {
			isa = XCConfigurationList;
			buildConfigurations = (
				8B38A36327F46C78000E1292 /* Debug */,
				8B38A36427F46C78000E1292 /* Release */,
			);
			defaultConfigurationIsVisible = 0;
			defaultConfigurationName = Release;
		};
/* End XCConfigurationList section */
	};
	rootObject = 8B38A32A27F46C75000E1292 /* Project object */;
}
